
Microsoft Visual Studio Solution File, Format Version 12.00
# Visual Studio 15
VisualStudioVersion = 15.0.28010.2046
MinimumVisualStudioVersion = 10.0.40219.1
Project("{FAE04EC0-301F-11D3-BF4B-00C04F79EFBC}") = "TopNotchMembershipApp.Android", "TopNotchMembershipApp\TopNotchMembershipApp.Android\TopNotchMembershipApp.Android.csproj", "{C80AFCB5-C65E-4C22-B5D3-130DC1D6AE9B}"
EndProject
Project("{FAE04EC0-301F-11D3-BF4B-00C04F79EFBC}") = "TopNotchMembershipApp.iOS", "TopNotchMembershipApp\TopNotchMembershipApp.iOS\TopNotchMembershipApp.iOS.csproj", "{983F5275-2FA9-460F-9FF8-F10A2226F830}"
EndProject
Project("{FAE04EC0-301F-11D3-BF4B-00C04F79EFBC}") = "TopNotchMembershipApp", "TopNotchMembershipApp\TopNotchMembershipApp\TopNotchMembershipApp.csproj", "{358FCC05-DBC2-4EFD-88AF-4ECD534850E1}"
EndProject
Global
	GlobalSection(SolutionConfigurationPlatforms) = preSolution
		Ad-Hoc|Any CPU = Ad-Hoc|Any CPU
		Ad-Hoc|iPhone = Ad-Hoc|iPhone
		Ad-Hoc|iPhoneSimulator = Ad-Hoc|iPhoneSimulator
		AppStore|Any CPU = AppStore|Any CPU
		AppStore|iPhone = AppStore|iPhone
		AppStore|iPhoneSimulator = AppStore|iPhoneSimulator
		Debug|Any CPU = Debug|Any CPU
		Debug|iPhone = Debug|iPhone
		Debug|iPhoneSimulator = Debug|iPhoneSimulator
		Release|Any CPU = Release|Any CPU
		Release|iPhone = Release|iPhone
		Release|iPhoneSimulator = Release|iPhoneSimulator
	EndGlobalSection
	GlobalSection(ProjectConfigurationPlatforms) = postSolution
		{C80AFCB5-C65E-4C22-B5D3-130DC1D6AE9B}.Ad-Hoc|Any CPU.ActiveCfg = Release|Any CPU
		{C80AFCB5-C65E-4C22-B5D3-130DC1D6AE9B}.Ad-Hoc|Any CPU.Build.0 = Release|Any CPU
		{C80AFCB5-C65E-4C22-B5D3-130DC1D6AE9B}.Ad-Hoc|Any CPU.Deploy.0 = Release|Any CPU
		{C80AFCB5-C65E-4C22-B5D3-130DC1D6AE9B}.Ad-Hoc|iPhone.ActiveCfg = Release|Any CPU
		{C80AFCB5-C65E-4C22-B5D3-130DC1D6AE9B}.Ad-Hoc|iPhone.Build.0 = Release|Any CPU
		{C80AFCB5-C65E-4C22-B5D3-130DC1D6AE9B}.Ad-Hoc|iPhone.Deploy.0 = Release|Any CPU
		{C80AFCB5-C65E-4C22-B5D3-130DC1D6AE9B}.Ad-Hoc|iPhoneSimulator.ActiveCfg = Release|Any CPU
		{C80AFCB5-C65E-4C22-B5D3-130DC1D6AE9B}.Ad-Hoc|iPhoneSimulator.Build.0 = Release|Any CPU
		{C80AFCB5-C65E-4C22-B5D3-130DC1D6AE9B}.Ad-Hoc|iPhoneSimulator.Deploy.0 = Release|Any CPU
		{C80AFCB5-C65E-4C22-B5D3-130DC1D6AE9B}.AppStore|Any CPU.ActiveCfg = Release|Any CPU
		{C80AFCB5-C65E-4C22-B5D3-130DC1D6AE9B}.AppStore|Any CPU.Build.0 = Release|Any CPU
		{C80AFCB5-C65E-4C22-B5D3-130DC1D6AE9B}.AppStore|Any CPU.Deploy.0 = Release|Any CPU
		{C80AFCB5-C65E-4C22-B5D3-130DC1D6AE9B}.AppStore|iPhone.ActiveCfg = Release|Any CPU
		{C80AFCB5-C65E-4C22-B5D3-130DC1D6AE9B}.AppStore|iPhone.Build.0 = Release|Any CPU
		{C80AFCB5-C65E-4C22-B5D3-130DC1D6AE9B}.AppStore|iPhone.Deploy.0 = Release|Any CPU
		{C80AFCB5-C65E-4C22-B5D3-130DC1D6AE9B}.AppStore|iPhoneSimulator.ActiveCfg = Release|Any CPU
		{C80AFCB5-C65E-4C22-B5D3-130DC1D6AE9B}.AppStore|iPhoneSimulator.Build.0 = Release|Any CPU
		{C80AFCB5-C65E-4C22-B5D3-130DC1D6AE9B}.AppStore|iPhoneSimulator.Deploy.0 = Release|Any CPU
		{C80AFCB5-C65E-4C22-B5D3-130DC1D6AE9B}.Debug|Any CPU.ActiveCfg = Debug|Any CPU
		{C80AFCB5-C65E-4C22-B5D3-130DC1D6AE9B}.Debug|Any CPU.Build.0 = Debug|Any CPU
		{C80AFCB5-C65E-4C22-B5D3-130DC1D6AE9B}.Debug|Any CPU.Deploy.0 = Debug|Any CPU
		{C80AFCB5-C65E-4C22-B5D3-130DC1D6AE9B}.Debug|iPhone.ActiveCfg = Debug|Any CPU
		{C80AFCB5-C65E-4C22-B5D3-130DC1D6AE9B}.Debug|iPhone.Build.0 = Debug|Any CPU
		{C80AFCB5-C65E-4C22-B5D3-130DC1D6AE9B}.Debug|iPhone.Deploy.0 = Debug|Any CPU
		{C80AFCB5-C65E-4C22-B5D3-130DC1D6AE9B}.Debug|iPhoneSimulator.ActiveCfg = Debug|Any CPU
		{C80AFCB5-C65E-4C22-B5D3-130DC1D6AE9B}.Debug|iPhoneSimulator.Build.0 = Debug|Any CPU
		{C80AFCB5-C65E-4C22-B5D3-130DC1D6AE9B}.Debug|iPhoneSimulator.Deploy.0 = Debug|Any CPU
		{C80AFCB5-C65E-4C22-B5D3-130DC1D6AE9B}.Release|Any CPU.ActiveCfg = Release|Any CPU
		{C80AFCB5-C65E-4C22-B5D3-130DC1D6AE9B}.Release|Any CPU.Build.0 = Release|Any CPU
		{C80AFCB5-C65E-4C22-B5D3-130DC1D6AE9B}.Release|Any CPU.Deploy.0 = Release|Any CPU
		{C80AFCB5-C65E-4C22-B5D3-130DC1D6AE9B}.Release|iPhone.ActiveCfg = Release|Any CPU
		{C80AFCB5-C65E-4C22-B5D3-130DC1D6AE9B}.Release|iPhone.Build.0 = Release|Any CPU
		{C80AFCB5-C65E-4C22-B5D3-130DC1D6AE9B}.Release|iPhone.Deploy.0 = Release|Any CPU
		{C80AFCB5-C65E-4C22-B5D3-130DC1D6AE9B}.Release|iPhoneSimulator.ActiveCfg = Release|Any CPU
		{C80AFCB5-C65E-4C22-B5D3-130DC1D6AE9B}.Release|iPhoneSimulator.Build.0 = Release|Any CPU
		{C80AFCB5-C65E-4C22-B5D3-130DC1D6AE9B}.Release|iPhoneSimulator.Deploy.0 = Release|Any CPU
		{983F5275-2FA9-460F-9FF8-F10A2226F830}.Ad-Hoc|Any CPU.ActiveCfg = Ad-Hoc|iPhone
		{983F5275-2FA9-460F-9FF8-F10A2226F830}.Ad-Hoc|Any CPU.Build.0 = Ad-Hoc|iPhone
		{983F5275-2FA9-460F-9FF8-F10A2226F830}.Ad-Hoc|Any CPU.Deploy.0 = Ad-Hoc|iPhone
		{983F5275-2FA9-460F-9FF8-F10A2226F830}.Ad-Hoc|iPhone.ActiveCfg = Ad-Hoc|iPhone
		{983F5275-2FA9-460F-9FF8-F10A2226F830}.Ad-Hoc|iPhone.Build.0 = Ad-Hoc|iPhone
		{983F5275-2FA9-460F-9FF8-F10A2226F830}.Ad-Hoc|iPhone.Deploy.0 = Ad-Hoc|iPhone
		{983F5275-2FA9-460F-9FF8-F10A2226F830}.Ad-Hoc|iPhoneSimulator.ActiveCfg = Ad-Hoc|iPhoneSimulator
		{983F5275-2FA9-460F-9FF8-F10A2226F830}.Ad-Hoc|iPhoneSimulator.Build.0 = Ad-Hoc|iPhoneSimulator
		{983F5275-2FA9-460F-9FF8-F10A2226F830}.Ad-Hoc|iPhoneSimulator.Deploy.0 = Ad-Hoc|iPhoneSimulator
		{983F5275-2FA9-460F-9FF8-F10A2226F830}.AppStore|Any CPU.ActiveCfg = AppStore|iPhone
		{983F5275-2FA9-460F-9FF8-F10A2226F830}.AppStore|Any CPU.Build.0 = AppStore|iPhone
		{983F5275-2FA9-460F-9FF8-F10A2226F830}.AppStore|Any CPU.Deploy.0 = AppStore|iPhone
		{983F5275-2FA9-460F-9FF8-F10A2226F830}.AppStore|iPhone.ActiveCfg = AppStore|iPhone
		{983F5275-2FA9-460F-9FF8-F10A2226F830}.AppStore|iPhone.Build.0 = AppStore|iPhone
		{983F5275-2FA9-460F-9FF8-F10A2226F830}.AppStore|iPhone.Deploy.0 = AppStore|iPhone
		{983F5275-2FA9-460F-9FF8-F10A2226F830}.AppStore|iPhoneSimulator.ActiveCfg = AppStore|iPhoneSimulator
		{983F5275-2FA9-460F-9FF8-F10A2226F830}.AppStore|iPhoneSimulator.Build.0 = AppStore|iPhoneSimulator
		{983F5275-2FA9-460F-9FF8-F10A2226F830}.AppStore|iPhoneSimulator.Deploy.0 = AppStore|iPhoneSimulator
		{983F5275-2FA9-460F-9FF8-F10A2226F830}.Debug|Any CPU.ActiveCfg = Debug|iPhoneSimulator
		{983F5275-2FA9-460F-9FF8-F10A2226F830}.Debug|Any CPU.Build.0 = Debug|iPhoneSimulator
		{983F5275-2FA9-460F-9FF8-F10A2226F830}.Debug|Any CPU.Deploy.0 = Debug|iPhoneSimulator
		{983F5275-2FA9-460F-9FF8-F10A2226F830}.Debug|iPhone.ActiveCfg = Debug|iPhone
		{983F5275-2FA9-460F-9FF8-F10A2226F830}.Debug|iPhone.Build.0 = Debug|iPhone
		{983F5275-2FA9-460F-9FF8-F10A2226F830}.Debug|iPhone.Deploy.0 = Debug|iPhone
		{983F5275-2FA9-460F-9FF8-F10A2226F830}.Debug|iPhoneSimulator.ActiveCfg = Debug|iPhoneSimulator
		{983F5275-2FA9-460F-9FF8-F10A2226F830}.Debug|iPhoneSimulator.Build.0 = Debug|iPhoneSimulator
		{983F5275-2FA9-460F-9FF8-F10A2226F830}.Debug|iPhoneSimulator.Deploy.0 = Debug|iPhoneSimulator
		{983F5275-2FA9-460F-9FF8-F10A2226F830}.Release|Any CPU.ActiveCfg = Release|iPhone
		{983F5275-2FA9-460F-9FF8-F10A2226F830}.Release|Any CPU.Build.0 = Release|iPhone
		{983F5275-2FA9-460F-9FF8-F10A2226F830}.Release|Any CPU.Deploy.0 = Release|iPhone
		{983F5275-2FA9-460F-9FF8-F10A2226F830}.Release|iPhone.ActiveCfg = Release|iPhone
		{983F5275-2FA9-460F-9FF8-F10A2226F830}.Release|iPhone.Build.0 = Release|iPhone
		{983F5275-2FA9-460F-9FF8-F10A2226F830}.Release|iPhone.Deploy.0 = Release|iPhone
		{983F5275-2FA9-460F-9FF8-F10A2226F830}.Release|iPhoneSimulator.ActiveCfg = Release|iPhoneSimulator
		{983F5275-2FA9-460F-9FF8-F10A2226F830}.Release|iPhoneSimulator.Build.0 = Release|iPhoneSimulator
		{983F5275-2FA9-460F-9FF8-F10A2226F830}.Release|iPhoneSimulator.Deploy.0 = Release|iPhoneSimulator
		{358FCC05-DBC2-4EFD-88AF-4ECD534850E1}.Ad-Hoc|Any CPU.ActiveCfg = Debug|Any CPU
		{358FCC05-DBC2-4EFD-88AF-4ECD534850E1}.Ad-Hoc|Any CPU.Build.0 = Debug|Any CPU
		{358FCC05-DBC2-4EFD-88AF-4ECD534850E1}.Ad-Hoc|Any CPU.Deploy.0 = Debug|Any CPU
		{358FCC05-DBC2-4EFD-88AF-4ECD534850E1}.Ad-Hoc|iPhone.ActiveCfg = Debug|Any CPU
		{358FCC05-DBC2-4EFD-88AF-4ECD534850E1}.Ad-Hoc|iPhone.Build.0 = Debug|Any CPU
		{358FCC05-DBC2-4EFD-88AF-4ECD534850E1}.Ad-Hoc|iPhone.Deploy.0 = Debug|Any CPU
		{358FCC05-DBC2-4EFD-88AF-4ECD534850E1}.Ad-Hoc|iPhoneSimulator.ActiveCfg = Debug|Any CPU
		{358FCC05-DBC2-4EFD-88AF-4ECD534850E1}.Ad-Hoc|iPhoneSimulator.Build.0 = Debug|Any CPU
		{358FCC05-DBC2-4EFD-88AF-4ECD534850E1}.Ad-Hoc|iPhoneSimulator.Deploy.0 = Debug|Any CPU
		{358FCC05-DBC2-4EFD-88AF-4ECD534850E1}.AppStore|Any CPU.ActiveCfg = Debug|Any CPU
		{358FCC05-DBC2-4EFD-88AF-4ECD534850E1}.AppStore|Any CPU.Build.0 = Debug|Any CPU
		{358FCC05-DBC2-4EFD-88AF-4ECD534850E1}.AppStore|Any CPU.Deploy.0 = Debug|Any CPU
		{358FCC05-DBC2-4EFD-88AF-4ECD534850E1}.AppStore|iPhone.ActiveCfg = Debug|Any CPU
		{358FCC05-DBC2-4EFD-88AF-4ECD534850E1}.AppStore|iPhone.Build.0 = Debug|Any CPU
		{358FCC05-DBC2-4EFD-88AF-4ECD534850E1}.AppStore|iPhone.Deploy.0 = Debug|Any CPU
		{358FCC05-DBC2-4EFD-88AF-4ECD534850E1}.AppStore|iPhoneSimulator.ActiveCfg = Debug|Any CPU
		{358FCC05-DBC2-4EFD-88AF-4ECD534850E1}.AppStore|iPhoneSimulator.Build.0 = Debug|Any CPU
		{358FCC05-DBC2-4EFD-88AF-4ECD534850E1}.AppStore|iPhoneSimulator.Deploy.0 = Debug|Any CPU
		{358FCC05-DBC2-4EFD-88AF-4ECD534850E1}.Debug|Any CPU.ActiveCfg = Debug|Any CPU
		{358FCC05-DBC2-4EFD-88AF-4ECD534850E1}.Debug|Any CPU.Build.0 = Debug|Any CPU
		{358FCC05-DBC2-4EFD-88AF-4ECD534850E1}.Debug|Any CPU.Deploy.0 = Debug|Any CPU
		{358FCC05-DBC2-4EFD-88AF-4ECD534850E1}.Debug|iPhone.ActiveCfg = Debug|Any CPU
		{358FCC05-DBC2-4EFD-88AF-4ECD534850E1}.Debug|iPhone.Build.0 = Debug|Any CPU
		{358FCC05-DBC2-4EFD-88AF-4ECD534850E1}.Debug|iPhone.Deploy.0 = Debug|Any CPU
		{358FCC05-DBC2-4EFD-88AF-4ECD534850E1}.Debug|iPhoneSimulator.ActiveCfg = Debug|Any CPU
		{358FCC05-DBC2-4EFD-88AF-4ECD534850E1}.Debug|iPhoneSimulator.Build.0 = Debug|Any CPU
		{358FCC05-DBC2-4EFD-88AF-4ECD534850E1}.Debug|iPhoneSimulator.Deploy.0 = Debug|Any CPU
		{358FCC05-DBC2-4EFD-88AF-4ECD534850E1}.Release|Any CPU.ActiveCfg = Release|Any CPU
		{358FCC05-DBC2-4EFD-88AF-4ECD534850E1}.Release|Any CPU.Build.0 = Release|Any CPU
		{358FCC05-DBC2-4EFD-88AF-4ECD534850E1}.Release|Any CPU.Deploy.0 = Release|Any CPU
		{358FCC05-DBC2-4EFD-88AF-4ECD534850E1}.Release|iPhone.ActiveCfg = Release|Any CPU
		{358FCC05-DBC2-4EFD-88AF-4ECD534850E1}.Release|iPhone.Build.0 = Release|Any CPU
		{358FCC05-DBC2-4EFD-88AF-4ECD534850E1}.Release|iPhone.Deploy.0 = Release|Any CPU
		{358FCC05-DBC2-4EFD-88AF-4ECD534850E1}.Release|iPhoneSimulator.ActiveCfg = Release|Any CPU
		{358FCC05-DBC2-4EFD-88AF-4ECD534850E1}.Release|iPhoneSimulator.Build.0 = Release|Any CPU
		{358FCC05-DBC2-4EFD-88AF-4ECD534850E1}.Release|iPhoneSimulator.Deploy.0 = Release|Any CPU
	EndGlobalSection
	GlobalSection(SolutionProperties) = preSolution
		HideSolutionNode = FALSE
	EndGlobalSection
	GlobalSection(ExtensibilityGlobals) = postSolution
		SolutionGuid = {096BDC44-0FA5-4BF3-A21C-1E45F5601A5D}
	EndGlobalSection
EndGlobal
